
Microsoft Visual Studio Solution File, Format Version 12.00
# Visual Studio 2015
Project("{FAE04EC0-301F-11D3-BF4B-00C04F79EFBC}") = "Selfpresence in Virtual Reality.CSharp.Plugins", "Selfpresence in Virtual Reality.CSharp.Plugins.csproj", "{F59CEB7F-3C98-980B-0FA3-03D979741229}"
EndProject
Project("{FAE04EC0-301F-11D3-BF4B-00C04F79EFBC}") = "Selfpresence in Virtual Reality.CSharp", "Selfpresence in Virtual Reality.CSharp.csproj", "{8CAFD8D3-280C-9066-DD3A-CA4CF5A6A9A3}"
EndProject
Project("{FAE04EC0-301F-11D3-BF4B-00C04F79EFBC}") = "Selfpresence in Virtual Reality.CSharp.Editor", "Selfpresence in Virtual Reality.CSharp.Editor.csproj", "{629F5CD6-3671-7309-21C8-FFC166C5EAB0}"
EndProject
Global
	GlobalSection(SolutionConfigurationPlatforms) = preSolution
		Debug|Any CPU = Debug|Any CPU
		Release|Any CPU = Release|Any CPU
	EndGlobalSection
	GlobalSection(ProjectConfigurationPlatforms) = postSolution
		{F59CEB7F-3C98-980B-0FA3-03D979741229}.Debug|Any CPU.ActiveCfg = Debug|Any CPU
		{F59CEB7F-3C98-980B-0FA3-03D979741229}.Debug|Any CPU.Build.0 = Debug|Any CPU
		{F59CEB7F-3C98-980B-0FA3-03D979741229}.Release|Any CPU.ActiveCfg = Release|Any CPU
		{F59CEB7F-3C98-980B-0FA3-03D979741229}.Release|Any CPU.Build.0 = Release|Any CPU
		{8CAFD8D3-280C-9066-DD3A-CA4CF5A6A9A3}.Debug|Any CPU.ActiveCfg = Debug|Any CPU
		{8CAFD8D3-280C-9066-DD3A-CA4CF5A6A9A3}.Debug|Any CPU.Build.0 = Debug|Any CPU
		{8CAFD8D3-280C-9066-DD3A-CA4CF5A6A9A3}.Release|Any CPU.ActiveCfg = Release|Any CPU
		{8CAFD8D3-280C-9066-DD3A-CA4CF5A6A9A3}.Release|Any CPU.Build.0 = Release|Any CPU
		{629F5CD6-3671-7309-21C8-FFC166C5EAB0}.Debug|Any CPU.ActiveCfg = Debug|Any CPU
		{629F5CD6-3671-7309-21C8-FFC166C5EAB0}.Debug|Any CPU.Build.0 = Debug|Any CPU
		{629F5CD6-3671-7309-21C8-FFC166C5EAB0}.Release|Any CPU.ActiveCfg = Release|Any CPU
		{629F5CD6-3671-7309-21C8-FFC166C5EAB0}.Release|Any CPU.Build.0 = Release|Any CPU
	EndGlobalSection
	GlobalSection(SolutionProperties) = preSolution
		HideSolutionNode = FALSE
	EndGlobalSection
EndGlobal
